// !$*UTF8*$!
{
	archiveVersion = 1;
	classes = {
	};
	objectVersion = 46;
	objects = {

/* Begin PBXBuildFile section */
		84082B881E022A0500E723F3 /* main.m in Sources */ = {isa = PBXBuildFile; fileRef = 84082B871E022A0500E723F3 /* main.m */; };
		84082B8B1E022A0500E723F3 /* AppDelegate.m in Sources */ = {isa = PBXBuildFile; fileRef = 84082B8A1E022A0500E723F3 /* AppDelegate.m */; };
		84082B8E1E022A0500E723F3 /* ViewController.m in Sources */ = {isa = PBXBuildFile; fileRef = 84082B8D1E022A0500E723F3 /* ViewController.m */; };
		84082B911E022A0500E723F3 /* Main.storyboard in Resources */ = {isa = PBXBuildFile; fileRef = 84082B8F1E022A0500E723F3 /* Main.storyboard */; };
		84082B941E022A0500E723F3 /* LFBaseFrameTwo.xcdatamodeld in Sources */ = {isa = PBXBuildFile; fileRef = 84082B921E022A0500E723F3 /* LFBaseFrameTwo.xcdatamodeld */; };
		84082B961E022A0500E723F3 /* Assets.xcassets in Resources */ = {isa = PBXBuildFile; fileRef = 84082B951E022A0500E723F3 /* Assets.xcassets */; };
		84082B991E022A0500E723F3 /* LaunchScreen.storyboard in Resources */ = {isa = PBXBuildFile; fileRef = 84082B971E022A0500E723F3 /* LaunchScreen.storyboard */; };
		84082BA41E022A0600E723F3 /* LFBaseFrameTwoTests.m in Sources */ = {isa = PBXBuildFile; fileRef = 84082BA31E022A0600E723F3 /* LFBaseFrameTwoTests.m */; };
		84082BAF1E022A0600E723F3 /* LFBaseFrameTwoUITests.m in Sources */ = {isa = PBXBuildFile; fileRef = 84082BAE1E022A0600E723F3 /* LFBaseFrameTwoUITests.m */; };
/* End PBXBuildFile section */

/* Begin PBXContainerItemProxy section */
		84082BA01E022A0600E723F3 /* PBXContainerItemProxy */ = {
			isa = PBXContainerItemProxy;
			containerPortal = 84082B7B1E022A0500E723F3 /* Project object */;
			proxyType = 1;
			remoteGlobalIDString = 84082B821E022A0500E723F3;
			remoteInfo = LFBaseFrameTwo;
		};
		84082BAB1E022A0600E723F3 /* PBXContainerItemProxy */ = {
			isa = PBXContainerItemProxy;
			containerPortal = 84082B7B1E022A0500E723F3 /* Project object */;
			proxyType = 1;
			remoteGlobalIDString = 84082B821E022A0500E723F3;
			remoteInfo = LFBaseFrameTwo;
		};
/* End PBXContainerItemProxy section */

/* Begin PBXFileReference section */
		84082B831E022A0500E723F3 /* LFBaseFrameTwo.app */ = {isa = PBXFileReference; explicitFileType = wrapper.application; includeInIndex = 0; path = LFBaseFrameTwo.app; sourceTree = BUILT_PRODUCTS_DIR; };
		84082B871E022A0500E723F3 /* main.m */ = {isa = PBXFileReference; lastKnownFileType = sourcecode.c.objc; path = main.m; sourceTree = "<group>"; };
		84082B891E022A0500E723F3 /* AppDelegate.h */ = {isa = PBXFileReference; lastKnownFileType = sourcecode.c.h; path = AppDelegate.h; sourceTree = "<group>"; };
		84082B8A1E022A0500E723F3 /* AppDelegate.m */ = {isa = PBXFileReference; lastKnownFileType = sourcecode.c.objc; path = AppDelegate.m; sourceTree = "<group>"; };
		84082B8C1E022A0500E723F3 /* ViewController.h */ = {isa = PBXFileReference; lastKnownFileType = sourcecode.c.h; path = ViewController.h; sourceTree = "<group>"; };
		84082B8D1E022A0500E723F3 /* ViewController.m */ = {isa = PBXFileReference; lastKnownFileType = sourcecode.c.objc; path = ViewController.m; sourceTree = "<group>"; };
		84082B901E022A0500E723F3 /* Base */ = {isa = PBXFileReference; lastKnownFileType = file.storyboard; name = Base; path = Base.lproj/Main.storyboard; sourceTree = "<group>"; };
		84082B931E022A0500E723F3 /* LFBaseFrameTwo.xcdatamodel */ = {isa = PBXFileReference; lastKnownFileType = wrapper.xcdatamodel; path = LFBaseFrameTwo.xcdatamodel; sourceTree = "<group>"; };
		84082B951E022A0500E723F3 /* Assets.xcassets */ = {isa = PBXFileReference; lastKnownFileType = folder.assetcatalog; path = Assets.xcassets; sourceTree = "<group>"; };
		84082B981E022A0500E723F3 /* Base */ = {isa = PBXFileReference; lastKnownFileType = file.storyboard; name = Base; path = Base.lproj/LaunchScreen.storyboard; sourceTree = "<group>"; };
		84082B9A1E022A0500E723F3 /* Info.plist */ = {isa = PBXFileReference; lastKnownFileType = text.plist.xml; path = Info.plist; sourceTree = "<group>"; };
		84082B9F1E022A0600E723F3 /* LFBaseFrameTwoTests.xctest */ = {isa = PBXFileReference; explicitFileType = wrapper.cfbundle; includeInIndex = 0; path = LFBaseFrameTwoTests.xctest; sourceTree = BUILT_PRODUCTS_DIR; };
		84082BA31E022A0600E723F3 /* LFBaseFrameTwoTests.m */ = {isa = PBXFileReference; lastKnownFileType = sourcecode.c.objc; path = LFBaseFrameTwoTests.m; sourceTree = "<group>"; };
		84082BA51E022A0600E723F3 /* Info.plist */ = {isa = PBXFileReference; lastKnownFileType = text.plist.xml; path = Info.plist; sourceTree = "<group>"; };
		84082BAA1E022A0600E723F3 /* LFBaseFrameTwoUITests.xctest */ = {isa = PBXFileReference; explicitFileType = wrapper.cfbundle; includeInIndex = 0; path = LFBaseFrameTwoUITests.xctest; sourceTree = BUILT_PRODUCTS_DIR; };
		84082BAE1E022A0600E723F3 /* LFBaseFrameTwoUITests.m */ = {isa = PBXFileReference; lastKnownFileType = sourcecode.c.objc; path = LFBaseFrameTwoUITests.m; sourceTree = "<group>"; };
		84082BB01E022A0600E723F3 /* Info.plist */ = {isa = PBXFileReference; lastKnownFileType = text.plist.xml; path = Info.plist; sourceTree = "<group>"; };
/* End PBXFileReference section */

/* Begin PBXFrameworksBuildPhase section */
		84082B801E022A0500E723F3 /* Frameworks */ = {
			isa = PBXFrameworksBuildPhase;
			buildActionMask = 2147483647;
			files = (
			);
			runOnlyForDeploymentPostprocessing = 0;
		};
		84082B9C1E022A0600E723F3 /* Frameworks */ = {
			isa = PBXFrameworksBuildPhase;
			buildActionMask = 2147483647;
			files = (
			);
			runOnlyForDeploymentPostprocessing = 0;
		};
		84082BA71E022A0600E723F3 /* Frameworks */ = {
			isa = PBXFrameworksBuildPhase;
			buildActionMask = 2147483647;
			files = (
			);
			runOnlyForDeploymentPostprocessing = 0;
		};
/* End PBXFrameworksBuildPhase section */

/* Begin PBXGroup section */
		84082B7A1E022A0500E723F3 = {
			isa = PBXGroup;
			children = (
				84082B851E022A0500E723F3 /* LFBaseFrameTwo */,
				84082BA21E022A0600E723F3 /* LFBaseFrameTwoTests */,
				84082BAD1E022A0600E723F3 /* LFBaseFrameTwoUITests */,
				84082B841E022A0500E723F3 /* Products */,
			);
			sourceTree = "<group>";
		};
		84082B841E022A0500E723F3 /* Products */ = {
			isa = PBXGroup;
			children = (
				84082B831E022A0500E723F3 /* LFBaseFrameTwo.app */,
				84082B9F1E022A0600E723F3 /* LFBaseFrameTwoTests.xctest */,
				84082BAA1E022A0600E723F3 /* LFBaseFrameTwoUITests.xctest */,
			);
			name = Products;
			sourceTree = "<group>";
		};
		84082B851E022A0500E723F3 /* LFBaseFrameTwo */ = {
			isa = PBXGroup;
			children = (
				84082B891E022A0500E723F3 /* AppDelegate.h */,
				84082B8A1E022A0500E723F3 /* AppDelegate.m */,
				84082B8C1E022A0500E723F3 /* ViewController.h */,
				84082B8D1E022A0500E723F3 /* ViewController.m */,
				84082B8F1E022A0500E723F3 /* Main.storyboard */,
				84082B951E022A0500E723F3 /* Assets.xcassets */,
				84082B971E022A0500E723F3 /* LaunchScreen.storyboard */,
				84082B9A1E022A0500E723F3 /* Info.plist */,
				84082B921E022A0500E723F3 /* LFBaseFrameTwo.xcdatamodeld */,
				84082B861E022A0500E723F3 /* Supporting Files */,
			);
			path = LFBaseFrameTwo;
			sourceTree = "<group>";
		};
		84082B861E022A0500E723F3 /* Supporting Files */ = {
			isa = PBXGroup;
			children = (
				84082B871E022A0500E723F3 /* main.m */,
			);
			name = "Supporting Files";
			sourceTree = "<group>";
		};
		84082BA21E022A0600E723F3 /* LFBaseFrameTwoTests */ = {
			isa = PBXGroup;
			children = (
				84082BA31E022A0600E723F3 /* LFBaseFrameTwoTests.m */,
				84082BA51E022A0600E723F3 /* Info.plist */,
			);
			path = LFBaseFrameTwoTests;
			sourceTree = "<group>";
		};
		84082BAD1E022A0600E723F3 /* LFBaseFrameTwoUITests */ = {
			isa = PBXGroup;
			children = (
				84082BAE1E022A0600E723F3 /* LFBaseFrameTwoUITests.m */,
				84082BB01E022A0600E723F3 /* Info.plist */,
			);
			path = LFBaseFrameTwoUITests;
			sourceTree = "<group>";
		};
/* End PBXGroup section */

/* Begin PBXNativeTarget section */
		84082B821E022A0500E723F3 /* LFBaseFrameTwo */ = {
			isa = PBXNativeTarget;
			buildConfigurationList = 84082BB31E022A0600E723F3 /* Build configuration list for PBXNativeTarget "LFBaseFrameTwo" */;
			buildPhases = (
				84082B7F1E022A0500E723F3 /* Sources */,
				84082B801E022A0500E723F3 /* Frameworks */,
				84082B811E022A0500E723F3 /* Resources */,
			);
			buildRules = (
			);
			dependencies = (
			);
			name = LFBaseFrameTwo;
			productName = LFBaseFrameTwo;
			productReference = 84082B831E022A0500E723F3 /* LFBaseFrameTwo.app */;
			productType = "com.apple.product-type.application";
		};
		84082B9E1E022A0600E723F3 /* LFBaseFrameTwoTests */ = {
			isa = PBXNativeTarget;
			buildConfigurationList = 84082BB61E022A0600E723F3 /* Build configuration list for PBXNativeTarget "LFBaseFrameTwoTests" */;
			buildPhases = (
				84082B9B1E022A0600E723F3 /* Sources */,
				84082B9C1E022A0600E723F3 /* Frameworks */,
				84082B9D1E022A0600E723F3 /* Resources */,
			);
			buildRules = (
			);
			dependencies = (
				84082BA11E022A0600E723F3 /* PBXTargetDependency */,
			);
			name = LFBaseFrameTwoTests;
			productName = LFBaseFrameTwoTests;
			productReference = 84082B9F1E022A0600E723F3 /* LFBaseFrameTwoTests.xctest */;
			productType = "com.apple.product-type.bundle.unit-test";
		};
		84082BA91E022A0600E723F3 /* LFBaseFrameTwoUITests */ = {
			isa = PBXNativeTarget;
			buildConfigurationList = 84082BB91E022A0600E723F3 /* Build configuration list for PBXNativeTarget "LFBaseFrameTwoUITests" */;
			buildPhases = (
				84082BA61E022A0600E723F3 /* Sources */,
				84082BA71E022A0600E723F3 /* Frameworks */,
				84082BA81E022A0600E723F3 /* Resources */,
			);
			buildRules = (
			);
			dependencies = (
				84082BAC1E022A0600E723F3 /* PBXTargetDependency */,
			);
			name = LFBaseFrameTwoUITests;
			productName = LFBaseFrameTwoUITests;
			productReference = 84082BAA1E022A0600E723F3 /* LFBaseFrameTwoUITests.xctest */;
			productType = "com.apple.product-type.bundle.ui-testing";
		};
/* End PBXNativeTarget section */

/* Begin PBXProject section */
		84082B7B1E022A0500E723F3 /* Project object */ = {
			isa = PBXProject;
			attributes = {
				LastUpgradeCheck = 0810;
				ORGANIZATIONNAME = admin;
				TargetAttributes = {
					84082B821E022A0500E723F3 = {
						CreatedOnToolsVersion = 8.1;
						DevelopmentTeam = 6FGXB3W667;
						ProvisioningStyle = Automatic;
					};
					84082B9E1E022A0600E723F3 = {
						CreatedOnToolsVersion = 8.1;
						DevelopmentTeam = 6FGXB3W667;
						ProvisioningStyle = Automatic;
						TestTargetID = 84082B821E022A0500E723F3;
					};
					84082BA91E022A0600E723F3 = {
						CreatedOnToolsVersion = 8.1;
						DevelopmentTeam = 6FGXB3W667;
						ProvisioningStyle = Automatic;
						TestTargetID = 84082B821E022A0500E723F3;
					};
				};
			};
			buildConfigurationList = 84082B7E1E022A0500E723F3 /* Build configuration list for PBXProject "LFBaseFrameTwo" */;
			compatibilityVersion = "Xcode 3.2";
			developmentRegion = English;
			hasScannedForEncodings = 0;
			knownRegions = (
				en,
				Base,
			);
			mainGroup = 84082B7A1E022A0500E723F3;
			productRefGroup = 84082B841E022A0500E723F3 /* Products */;
			projectDirPath = "";
			projectRoot = "";
			targets = (
				84082B821E022A0500E723F3 /* LFBaseFrameTwo */,
				84082B9E1E022A0600E723F3 /* LFBaseFrameTwoTests */,
				84082BA91E022A0600E723F3 /* LFBaseFrameTwoUITests */,
			);
		};
/* End PBXProject section */

/* Begin PBXResourcesBuildPhase section */
		84082B811E022A0500E723F3 /* Resources */ = {
			isa = PBXResourcesBuildPhase;
			buildActionMask = 2147483647;
			files = (
				84082B991E022A0500E723F3 /* LaunchScreen.storyboard in Resources */,
				84082B961E022A0500E723F3 /* Assets.xcassets in Resources */,
				84082B911E022A0500E723F3 /* Main.storyboard in Resources */,
			);
			runOnlyForDeploymentPostprocessing = 0;
		};
		84082B9D1E022A0600E723F3 /* Resources */ = {
			isa = PBXResourcesBuildPhase;
			buildActionMask = 2147483647;
			files = (
			);
			runOnlyForDeploymentPostprocessing = 0;
		};
		84082BA81E022A0600E723F3 /* Resources */ = {
			isa = PBXResourcesBuildPhase;
			buildActionMask = 2147483647;
			files = (
			);
			runOnlyForDeploymentPostprocessing = 0;
		};
/* End PBXResourcesBuildPhase section */

/* Begin PBXSourcesBuildPhase section */
		84082B7F1E022A0500E723F3 /* Sources */ = {
			isa = PBXSourcesBuildPhase;
			buildActionMask = 2147483647;
			files = (
				84082B8E1E022A0500E723F3 /* ViewController.m in Sources */,
				84082B941E022A0500E723F3 /* LFBaseFrameTwo.xcdatamodeld in Sources */,
				84082B8B1E022A0500E723F3 /* AppDelegate.m in Sources */,
				84082B881E022A0500E723F3 /* main.m in Sources */,
			);
			runOnlyForDeploymentPostprocessing = 0;
		};
		84082B9B1E022A0600E723F3 /* Sources */ = {
			isa = PBXSourcesBuildPhase;
			buildActionMask = 2147483647;
			files = (
				84082BA41E022A0600E723F3 /* LFBaseFrameTwoTests.m in Sources */,
			);
			runOnlyForDeploymentPostprocessing = 0;
		};
		84082BA61E022A0600E723F3 /* Sources */ = {
			isa = PBXSourcesBuildPhase;
			buildActionMask = 2147483647;
			files = (
				84082BAF1E022A0600E723F3 /* LFBaseFrameTwoUITests.m in Sources */,
			);
			runOnlyForDeploymentPostprocessing = 0;
		};
/* End PBXSourcesBuildPhase section */

/* Begin PBXTargetDependency section */
		84082BA11E022A0600E723F3 /* PBXTargetDependency */ = {
			isa = PBXTargetDependency;
			target = 84082B821E022A0500E723F3 /* LFBaseFrameTwo */;
			targetProxy = 84082BA01E022A0600E723F3 /* PBXContainerItemProxy */;
		};
		84082BAC1E022A0600E723F3 /* PBXTargetDependency */ = {
			isa = PBXTargetDependency;
			target = 84082B821E022A0500E723F3 /* LFBaseFrameTwo */;
			targetProxy = 84082BAB1E022A0600E723F3 /* PBXContainerItemProxy */;
		};
/* End PBXTargetDependency section */

/* Begin PBXVariantGroup section */
		84082B8F1E022A0500E723F3 /* Main.storyboard */ = {
			isa = PBXVariantGroup;
			children = (
				84082B901E022A0500E723F3 /* Base */,
			);
			name = Main.storyboard;
			sourceTree = "<group>";
		};
		84082B971E022A0500E723F3 /* LaunchScreen.storyboard */ = {
			isa = PBXVariantGroup;
			children = (
				84082B981E022A0500E723F3 /* Base */,
			);
			name = LaunchScreen.storyboard;
			sourceTree = "<group>";
		};
/* End PBXVariantGroup section */

/* Begin XCBuildConfiguration section */
		84082BB11E022A0600E723F3 /* Debug */ = {
			isa = XCBuildConfiguration;
			buildSettings = {
				ALWAYS_SEARCH_USER_PATHS = NO;
				CLANG_ANALYZER_NONNULL = YES;
				CLANG_CXX_LANGUAGE_STANDARD = "gnu++0x";
				CLANG_CXX_LIBRARY = "libc++";
				CLANG_ENABLE_MODULES = YES;
				CLANG_ENABLE_OBJC_ARC = YES;
				CLANG_WARN_BOOL_CONVERSION = YES;
				CLANG_WARN_CONSTANT_CONVERSION = YES;
				CLANG_WARN_DIRECT_OBJC_ISA_USAGE = YES_ERROR;
				CLANG_WARN_DOCUMENTATION_COMMENTS = YES;
				CLANG_WARN_EMPTY_BODY = YES;
				CLANG_WARN_ENUM_CONVERSION = YES;
				CLANG_WARN_INFINITE_RECURSION = YES;
				CLANG_WARN_INT_CONVERSION = YES;
				CLANG_WARN_OBJC_ROOT_CLASS = YES_ERROR;
				CLANG_WARN_SUSPICIOUS_MOVES = YES;
				CLANG_WARN_UNREACHABLE_CODE = YES;
				CLANG_WARN__DUPLICATE_METHOD_MATCH = YES;
				"CODE_SIGN_IDENTITY[sdk=iphoneos*]" = "iPhone Developer";
				COPY_PHASE_STRIP = NO;
				DEBUG_INFORMATION_FORMAT = dwarf;
				ENABLE_STRICT_OBJC_MSGSEND = YES;
				ENABLE_TESTABILITY = YES;
				GCC_C_LANGUAGE_STANDARD = gnu99;
				GCC_DYNAMIC_NO_PIC = NO;
				GCC_NO_COMMON_BLOCKS = YES;
				GCC_OPTIMIZATION_LEVEL = 0;
				GCC_PREPROCESSOR_DEFINITIONS = (
					"DEBUG=1",
					"$(inherited)",
				);
				GCC_WARN_64_TO_32_BIT_CONVERSION = YES;
				GCC_WARN_ABOUT_RETURN_TYPE = YES_ERROR;
				GCC_WARN_UNDECLARED_SELECTOR = YES;
				GCC_WARN_UNINITIALIZED_AUTOS = YES_AGGRESSIVE;
				GCC_WARN_UNUSED_FUNCTION = YES;
				GCC_WARN_UNUSED_VARIABLE = YES;
				IPHONEOS_DEPLOYMENT_TARGET = 10.1;
				MTL_ENABLE_DEBUG_INFO = YES;
				ONLY_ACTIVE_ARCH = YES;
				SDKROOT = iphoneos;
			};
			name = Debug;
		};
		84082BB21E022A0600E723F3 /* Release */ = {
			isa = XCBuildConfiguration;
			buildSettings = {
				ALWAYS_SEARCH_USER_PATHS = NO;
				CLANG_ANALYZER_NONNULL = YES;
				CLANG_CXX_LANGUAGE_STANDARD = "gnu++0x";
				CLANG_CXX_LIBRARY = "libc++";
				CLANG_ENABLE_MODULES = YES;
				CLANG_ENABLE_OBJC_ARC = YES;
				CLANG_WARN_BOOL_CONVERSION = YES;
				CLANG_WARN_CONSTANT_CONVERSION = YES;
				CLANG_WARN_DIRECT_OBJC_ISA_USAGE = YES_ERROR;
				CLANG_WARN_DOCUMENTATION_COMMENTS = YES;
				CLANG_WARN_EMPTY_BODY = YES;
				CLANG_WARN_ENUM_CONVERSION = YES;
				CLANG_WARN_INFINITE_RECURSION = YES;
				CLANG_WARN_INT_CONVERSION = YES;
				CLANG_WARN_OBJC_ROOT_CLASS = YES_ERROR;
				CLANG_WARN_SUSPICIOUS_MOVES = YES;
				CLANG_WARN_UNREACHABLE_CODE = YES;
				CLANG_WARN__DUPLICATE_METHOD_MATCH = YES;
				"CODE_SIGN_IDENTITY[sdk=iphoneos*]" = "iPhone Developer";
				COPY_PHASE_STRIP = NO;
				DEBUG_INFORMATION_FORMAT = "dwarf-with-dsym";
				ENABLE_NS_ASSERTIONS = NO;
				ENABLE_STRICT_OBJC_MSGSEND = YES;
				GCC_C_LANGUAGE_STANDARD = gnu99;
				GCC_NO_COMMON_BLOCKS = YES;
				GCC_WARN_64_TO_32_BIT_CONVERSION = YES;
				GCC_WARN_ABOUT_RETURN_TYPE = YES_ERROR;
				GCC_WARN_UNDECLARED_SELECTOR = YES;
				GCC_WARN_UNINITIALIZED_AUTOS = YES_AGGRESSIVE;
				GCC_WARN_UNUSED_FUNCTION = YES;
				GCC_WARN_UNUSED_VARIABLE = YES;
				IPHONEOS_DEPLOYMENT_TARGET = 10.1;
				MTL_ENABLE_DEBUG_INFO = NO;
				SDKROOT = iphoneos;
				VALIDATE_PRODUCT = YES;
			};
			name = Release;
		};
		84082BB41E022A0600E723F3 /* Debug */ = {
			isa = XCBuildConfiguration;
			buildSettings = {
				ASSETCATALOG_COMPILER_APPICON_NAME = AppIcon;
				DEVELOPMENT_TEAM = 6FGXB3W667;
				INFOPLIST_FILE = LFBaseFrameTwo/Info.plist;
				LD_RUNPATH_SEARCH_PATHS = "$(inherited) @executable_path/Frameworks";
				PRODUCT_BUNDLE_IDENTIFIER = cn.com.zlct.LFBaseFrameTwo;
				PRODUCT_NAME = "$(TARGET_NAME)";
			};
			name = Debug;
		};
		84082BB51E022A0600E723F3 /* Release */ = {
			isa = XCBuildConfiguration;
			buildSettings = {
				ASSETCATALOG_COMPILER_APPICON_NAME = AppIcon;
				DEVELOPMENT_TEAM = 6FGXB3W667;
				INFOPLIST_FILE = LFBaseFrameTwo/Info.plist;
				LD_RUNPATH_SEARCH_PATHS = "$(inherited) @executable_path/Frameworks";
				PRODUCT_BUNDLE_IDENTIFIER = cn.com.zlct.LFBaseFrameTwo;
				PRODUCT_NAME = "$(TARGET_NAME)";
			};
			name = Release;
		};
		84082BB71E022A0600E723F3 /* Debug */ = {
			isa = XCBuildConfiguration;
			buildSettings = {
				BUNDLE_LOADER = "$(TEST_HOST)";
				DEVELOPMENT_TEAM = 6FGXB3W667;
				INFOPLIST_FILE = LFBaseFrameTwoTests/Info.plist;
				LD_RUNPATH_SEARCH_PATHS = "$(inherited) @executable_path/Frameworks @loader_path/Frameworks";
				PRODUCT_BUNDLE_IDENTIFIER = cn.com.zlct.LFBaseFrameTwoTests;
				PRODUCT_NAME = "$(TARGET_NAME)";
				TEST_HOST = "$(BUILT_PRODUCTS_DIR)/LFBaseFrameTwo.app/LFBaseFrameTwo";
			};
			name = Debug;
		};
		84082BB81E022A0600E723F3 /* Release */ = {
			isa = XCBuildConfiguration;
			buildSettings = {
				BUNDLE_LOADER = "$(TEST_HOST)";
				DEVELOPMENT_TEAM = 6FGXB3W667;
				INFOPLIST_FILE = LFBaseFrameTwoTests/Info.plist;
				LD_RUNPATH_SEARCH_PATHS = "$(inherited) @executable_path/Frameworks @loader_path/Frameworks";
				PRODUCT_BUNDLE_IDENTIFIER = cn.com.zlct.LFBaseFrameTwoTests;
				PRODUCT_NAME = "$(TARGET_NAME)";
				TEST_HOST = "$(BUILT_PRODUCTS_DIR)/LFBaseFrameTwo.app/LFBaseFrameTwo";
			};
			name = Release;
		};
		84082BBA1E022A0600E723F3 /* Debug */ = {
			isa = XCBuildConfiguration;
			buildSettings = {
				DEVELOPMENT_TEAM = 6FGXB3W667;
				INFOPLIST_FILE = LFBaseFrameTwoUITests/Info.plist;
				LD_RUNPATH_SEARCH_PATHS = "$(inherited) @executable_path/Frameworks @loader_path/Frameworks";
				PRODUCT_BUNDLE_IDENTIFIER = cn.com.zlct.LFBaseFrameTwoUITests;
				PRODUCT_NAME = "$(TARGET_NAME)";
				TEST_TARGET_NAME = LFBaseFrameTwo;
			};
			name = Debug;
		};
		84082BBB1E022A0600E723F3 /* Release */ = {
			isa = XCBuildConfiguration;
			buildSettings = {
				DEVELOPMENT_TEAM = 6FGXB3W667;
				INFOPLIST_FILE = LFBaseFrameTwoUITests/Info.plist;
				LD_RUNPATH_SEARCH_PATHS = "$(inherited) @executable_path/Frameworks @loader_path/Frameworks";
				PRODUCT_BUNDLE_IDENTIFIER = cn.com.zlct.LFBaseFrameTwoUITests;
				PRODUCT_NAME = "$(TARGET_NAME)";
				TEST_TARGET_NAME = LFBaseFrameTwo;
			};
			name = Release;
		};
/* End XCBuildConfiguration section */

/* Begin XCConfigurationList section */
		84082B7E1E022A0500E723F3 /* Build configuration list for PBXProject "LFBaseFrameTwo" */ = {
			isa = XCConfigurationList;
			buildConfigurations = (
				84082BB11E022A0600E723F3 /* Debug */,
				84082BB21E022A0600E723F3 /* Release */,
			);
			defaultConfigurationIsVisible = 0;
			defaultConfigurationName = Release;
		};
		84082BB31E022A0600E723F3 /* Build configuration list for PBXNativeTarget "LFBaseFrameTwo" */ = {
			isa = XCConfigurationList;
			buildConfigurations = (
				84082BB41E022A0600E723F3 /* Debug */,
				84082BB51E022A0600E723F3 /* Release */,
			);
			defaultConfigurationIsVisible = 0;
		};
		84082BB61E022A0600E723F3 /* Build configuration list for PBXNativeTarget "LFBaseFrameTwoTests" */ = {
			isa = XCConfigurationList;
			buildConfigurations = (
				84082BB71E022A0600E723F3 /* Debug */,
				84082BB81E022A0600E723F3 /* Release */,
			);
			defaultConfigurationIsVisible = 0;
		};
		84082BB91E022A0600E723F3 /* Build configuration list for PBXNativeTarget "LFBaseFrameTwoUITests" */ = {
			isa = XCConfigurationList;
			buildConfigurations = (
				84082BBA1E022A0600E723F3 /* Debug */,
				84082BBB1E022A0600E723F3 /* Release */,
			);
			defaultConfigurationIsVisible = 0;
		};
/* End XCConfigurationList section */

/* Begin XCVersionGroup section */
		84082B921E022A0500E723F3 /* LFBaseFrameTwo.xcdatamodeld */ = {
			isa = XCVersionGroup;
			children = (
				84082B931E022A0500E723F3 /* LFBaseFrameTwo.xcdatamodel */,
			);
			currentVersion = 84082B931E022A0500E723F3 /* LFBaseFrameTwo.xcdatamodel */;
			path = LFBaseFrameTwo.xcdatamodeld;
			sourceTree = "<group>";
			versionGroupType = wrapper.xcdatamodel;
		};
/* End XCVersionGroup section */
	};
	rootObject = 84082B7B1E022A0500E723F3 /* Project object */;
}
